<?xml version="1.0" encoding="utf-8"?>
<Project ToolsVersion="4.0" xmlns="http://schemas.microsoft.com/developer/msbuild/2003">
  <ItemGroup>
    <ClCompile Include="Enemy.cpp" />
    <ClCompile Include="Events.cpp" />
    <ClCompile Include="InputManager.cpp" />
    <ClCompile Include="pch.cpp" />
    <ClCompile Include="Player.cpp" />
    <ClCompile Include="ResourceManager.cpp" />
    <ClCompile Include="Tile.cpp" />
    <ClCompile Include="TOTITWRAADK.cpp" />
    <ClCompile Include="World.cpp" />
    <ClCompile Include="EnemyManager.cpp" />
  </ItemGroup>
  <ItemGroup>
    <ClInclude Include="Enemy.h" />
    <ClInclude Include="Events.h" />
    <ClInclude Include="InputManager.h" />
    <ClInclude Include="pch.h" />
    <ClInclude Include="Player.h" />
    <ClInclude Include="ResourceManager.h" />
    <ClInclude Include="Tile.h" />
    <ClInclude Include="World.h" />
    <ClInclude Include="EnemyManager.h" />
  </ItemGroup>
</Project>